
Microsoft Visual Studio Solution File, Format Version 12.00
# Visual Studio Version 17
VisualStudioVersion = 17.7.34003.232
MinimumVisualStudioVersion = 10.0.40219.1
Project("{FAE04EC0-301F-11D3-BF4B-00C04F79EFBC}") = "Ejercicio14", "Ejercicio14\Ejercicio14.csproj", "{F06229A5-86FE-4D5D-B47B-B3025107731C}"
EndProject
Global
	GlobalSection(SolutionConfigurationPlatforms) = preSolution
		Debug|Any CPU = Debug|Any CPU
		Release|Any CPU = Release|Any CPU
	EndGlobalSection
	GlobalSection(ProjectConfigurationPlatforms) = postSolution
		{F06229A5-86FE-4D5D-B47B-B3025107731C}.Debug|Any CPU.ActiveCfg = Debug|Any CPU
		{F06229A5-86FE-4D5D-B47B-B3025107731C}.Debug|Any CPU.Build.0 = Debug|Any CPU
		{F06229A5-86FE-4D5D-B47B-B3025107731C}.Release|Any CPU.ActiveCfg = Release|Any CPU
		{F06229A5-86FE-4D5D-B47B-B3025107731C}.Release|Any CPU.Build.0 = Release|Any CPU
	EndGlobalSection
	GlobalSection(SolutionProperties) = preSolution
		HideSolutionNode = FALSE
	EndGlobalSection
	GlobalSection(ExtensibilityGlobals) = postSolution
		SolutionGuid = {D551790A-6AC9-4712-B46E-ED73E50B3CB0}
	EndGlobalSection
EndGlobal
