
Microsoft Visual Studio Solution File, Format Version 12.00
# Visual Studio Version 17
VisualStudioVersion = 17.7.34003.232
MinimumVisualStudioVersion = 10.0.40219.1
Project("{FAE04EC0-301F-11D3-BF4B-00C04F79EFBC}") = "Ejercicio3", "Ejercicio3\Ejercicio3.csproj", "{D138014F-C8D4-4A70-BCD8-5EB6729DE56F}"
EndProject
Global
	GlobalSection(SolutionConfigurationPlatforms) = preSolution
		Debug|Any CPU = Debug|Any CPU
		Release|Any CPU = Release|Any CPU
	EndGlobalSection
	GlobalSection(ProjectConfigurationPlatforms) = postSolution
		{D138014F-C8D4-4A70-BCD8-5EB6729DE56F}.Debug|Any CPU.ActiveCfg = Debug|Any CPU
		{D138014F-C8D4-4A70-BCD8-5EB6729DE56F}.Debug|Any CPU.Build.0 = Debug|Any CPU
		{D138014F-C8D4-4A70-BCD8-5EB6729DE56F}.Release|Any CPU.ActiveCfg = Release|Any CPU
		{D138014F-C8D4-4A70-BCD8-5EB6729DE56F}.Release|Any CPU.Build.0 = Release|Any CPU
	EndGlobalSection
	GlobalSection(SolutionProperties) = preSolution
		HideSolutionNode = FALSE
	EndGlobalSection
	GlobalSection(ExtensibilityGlobals) = postSolution
		SolutionGuid = {DA8CA9F0-3186-48BA-A76F-3263B485F8AA}
	EndGlobalSection
EndGlobal
